
Microsoft Visual Studio Solution File, Format Version 12.00
# Visual Studio Version 17
VisualStudioVersion = 17.10.35027.167
MinimumVisualStudioVersion = 10.0.40219.1
Project("{9A19103F-16F7-4668-BE54-9A1E7A4F7556}") = "SimpleProject", "SimpleProject\SimpleProject.csproj", "{9C6F4EDC-3E14-401D-BC41-FE24E43846D6}"
EndProject
Global
	GlobalSection(SolutionConfigurationPlatforms) = preSolution
		Debug|Any CPU = Debug|Any CPU
		Release|Any CPU = Release|Any CPU
	EndGlobalSection
	GlobalSection(ProjectConfigurationPlatforms) = postSolution
		{9C6F4EDC-3E14-401D-BC41-FE24E43846D6}.Debug|Any CPU.ActiveCfg = Debug|Any CPU
		{9C6F4EDC-3E14-401D-BC41-FE24E43846D6}.Debug|Any CPU.Build.0 = Debug|Any CPU
		{9C6F4EDC-3E14-401D-BC41-FE24E43846D6}.Release|Any CPU.ActiveCfg = Release|Any CPU
		{9C6F4EDC-3E14-401D-BC41-FE24E43846D6}.Release|Any CPU.Build.0 = Release|Any CPU
	EndGlobalSection
	GlobalSection(SolutionProperties) = preSolution
		HideSolutionNode = FALSE
	EndGlobalSection
	GlobalSection(ExtensibilityGlobals) = postSolution
		SolutionGuid = {04679D9B-4108-4A08-ADD6-92AE7AC475B4}
	EndGlobalSection
EndGlobal
